{
  "name": "meteor-model",
  "version": "0.0.1",
  "lockfileVersion": 1,
  "requires": true,
  "dependencies": {
    "@types/connect": {
      "version": "3.4.31",
      "resolved": "https://registry.npmjs.org/@types/connect/-/connect-3.4.31.tgz",
      "integrity": "sha512-OPSxsP6XqA3984KWDUXq/u05Hu8VWa/2rUVlw/aDUOx87BptIep6xb3NdCxCpKLfLdjZcCE5jR+gouTul3gjdA==",
      "dev": true,
      "requires": {
        "@types/node": "8.0.58"
      }
    },
    "@types/meteor": {
      "version": "1.4.12",
      "resolved": "https://registry.npmjs.org/@types/meteor/-/meteor-1.4.12.tgz",
      "integrity": "sha512-0jlcqmDki6TkJMEGA3mI3Wd30kaUrxI1bYUZlTUle1JFr4NuJCgBDPWthGBT8WQ0tAMnWoz9D0aVP5iTAx7OdA==",
      "dev": true,
      "requires": {
        "@types/connect": "3.4.31",
        "@types/underscore": "1.8.5"
      }
    },
    "@types/node": {
      "version": "8.0.58",
      "resolved": "https://registry.npmjs.org/@types/node/-/node-8.0.58.tgz",
      "integrity": "sha512-V746iUU7eHNdzQipoACuguDlVhC7IHK8CES1jSkuFt352wwA84BCWPXaGekBd7R5XdNK5ReHONDVKxlL9IreAw==",
      "dev": true
    },
    "@types/underscore": {
      "version": "1.8.5",
      "resolved": "https://registry.npmjs.org/@types/underscore/-/underscore-1.8.5.tgz",
      "integrity": "sha512-7uT7cvLf0saZ4NOsqwG/vu4nyvkvjwibMGGxDEsUkBdaqkq/8apWCnKEpRvcJesO7AnTo+xLqj9/dElDETiT5Q==",
      "dev": true
    },
    "class-transformer": {
      "version": "0.1.8",
      "resolved": "https://registry.npmjs.org/class-transformer/-/class-transformer-0.1.8.tgz",
      "integrity": "sha512-qniRyjtvDPEXFspXfjrYerYy75pqwOIN4IUf2/MPHzZ3zVB7Cssq7dKSNZzEp6G1DH8tDk5gKY+KFxtlkf03qQ=="
    },
    "typescript": {
      "version": "2.6.2",
      "resolved": "https://registry.npmjs.org/typescript/-/typescript-2.6.2.tgz",
      "integrity": "sha1-PFtv1/beCRQmkCfwPAlGdY92c6Q=",
      "dev": true
    }
  }
}
